
Microsoft Visual Studio Solution File, Format Version 12.00
# Visual Studio Version 17
VisualStudioVersion = 17.7.34221.43
MinimumVisualStudioVersion = 10.0.40219.1
Project("{2150E333-8FDC-42A3-9474-1A3956D46DE8}") = "01-UI", "01-UI", "{C48EABF3-8328-470B-8D96-AA76EDDAA1C2}"
EndProject
Project("{2150E333-8FDC-42A3-9474-1A3956D46DE8}") = "02-API", "02-API", "{42B3BDCE-A0F0-4998-A46E-D73105C76903}"
EndProject
Project("{2150E333-8FDC-42A3-9474-1A3956D46DE8}") = "03-Services", "03-Services", "{47B3B1B7-3B6C-4A47-AEE4-6C0C3CBC5717}"
EndProject
Project("{2150E333-8FDC-42A3-9474-1A3956D46DE8}") = "04-Model", "04-Model", "{EFF22453-7049-4817-BDBF-A47278389549}"
EndProject
Project("{2150E333-8FDC-42A3-9474-1A3956D46DE8}") = "05-Share", "05-Share", "{701B93E0-B578-4049-9B54-CFD70BDCE1A8}"
EndProject
Project("{9A19103F-16F7-4668-BE54-9A1E7A4F7556}") = "P.Service", "P.Service\P.Service.csproj", "{95ECECE2-356A-4233-9B41-A7905379A697}"
EndProject
Project("{9A19103F-16F7-4668-BE54-9A1E7A4F7556}") = "P.Interfaces", "P.Interfaces\P.Interfaces.csproj", "{23EB4F31-44AB-49FA-B586-61C24450EE43}"
EndProject
Project("{9A19103F-16F7-4668-BE54-9A1E7A4F7556}") = "P.Model", "P.Model\P.Model.csproj", "{EB4FF079-2139-4D38-B7B1-C070FE43A3C4}"
EndProject
Project("{9A19103F-16F7-4668-BE54-9A1E7A4F7556}") = "P.Repository", "P.Repository\P.Repository.csproj", "{2EA23E76-FC6B-4679-8983-E4F1D1B882E6}"
EndProject
Project("{9A19103F-16F7-4668-BE54-9A1E7A4F7556}") = "Configuration", "Configuration\Configuration.csproj", "{0397C863-5686-4560-909E-864E58939E85}"
EndProject
Project("{9A19103F-16F7-4668-BE54-9A1E7A4F7556}") = "DTO", "DTO\DTO.csproj", "{7E627221-C47B-4E39-BC04-8329F39447CE}"
EndProject
Project("{9A19103F-16F7-4668-BE54-9A1E7A4F7556}") = "ServiceCall", "ServiceCall\ServiceCall.csproj", "{D43AFF47-8549-4A89-AFDD-D3EC5A8C306C}"
EndProject
Project("{9A19103F-16F7-4668-BE54-9A1E7A4F7556}") = "P.API2", "P.API2\P.API2.csproj", "{E9CAA903-500F-4DD6-87A9-FA3EC3EFC591}"
EndProject
Project("{2150E333-8FDC-42A3-9474-1A3956D46DE8}") = "SPA", "SPA", "{A1A98430-366B-446F-8D69-3B32B3437341}"
	ProjectSection(SolutionItems) = preProject
		SPA\.editorconfig = SPA\.editorconfig
		SPA\.gitignore = SPA\.gitignore
		SPA\angular.json = SPA\angular.json
		SPA\package-lock.json = SPA\package-lock.json
		SPA\package.json = SPA\package.json
		SPA\README.md = SPA\README.md
		SPA\tsconfig.app.json = SPA\tsconfig.app.json
		SPA\tsconfig.json = SPA\tsconfig.json
		SPA\tsconfig.spec.json = SPA\tsconfig.spec.json
	EndProjectSection
EndProject
Global
	GlobalSection(SolutionConfigurationPlatforms) = preSolution
		Debug|Any CPU = Debug|Any CPU
		Release|Any CPU = Release|Any CPU
	EndGlobalSection
	GlobalSection(ProjectConfigurationPlatforms) = postSolution
		{95ECECE2-356A-4233-9B41-A7905379A697}.Debug|Any CPU.ActiveCfg = Debug|Any CPU
		{95ECECE2-356A-4233-9B41-A7905379A697}.Debug|Any CPU.Build.0 = Debug|Any CPU
		{95ECECE2-356A-4233-9B41-A7905379A697}.Release|Any CPU.ActiveCfg = Release|Any CPU
		{95ECECE2-356A-4233-9B41-A7905379A697}.Release|Any CPU.Build.0 = Release|Any CPU
		{23EB4F31-44AB-49FA-B586-61C24450EE43}.Debug|Any CPU.ActiveCfg = Debug|Any CPU
		{23EB4F31-44AB-49FA-B586-61C24450EE43}.Debug|Any CPU.Build.0 = Debug|Any CPU
		{23EB4F31-44AB-49FA-B586-61C24450EE43}.Release|Any CPU.ActiveCfg = Release|Any CPU
		{23EB4F31-44AB-49FA-B586-61C24450EE43}.Release|Any CPU.Build.0 = Release|Any CPU
		{EB4FF079-2139-4D38-B7B1-C070FE43A3C4}.Debug|Any CPU.ActiveCfg = Debug|Any CPU
		{EB4FF079-2139-4D38-B7B1-C070FE43A3C4}.Debug|Any CPU.Build.0 = Debug|Any CPU
		{EB4FF079-2139-4D38-B7B1-C070FE43A3C4}.Release|Any CPU.ActiveCfg = Release|Any CPU
		{EB4FF079-2139-4D38-B7B1-C070FE43A3C4}.Release|Any CPU.Build.0 = Release|Any CPU
		{2EA23E76-FC6B-4679-8983-E4F1D1B882E6}.Debug|Any CPU.ActiveCfg = Debug|Any CPU
		{2EA23E76-FC6B-4679-8983-E4F1D1B882E6}.Debug|Any CPU.Build.0 = Debug|Any CPU
		{2EA23E76-FC6B-4679-8983-E4F1D1B882E6}.Release|Any CPU.ActiveCfg = Release|Any CPU
		{2EA23E76-FC6B-4679-8983-E4F1D1B882E6}.Release|Any CPU.Build.0 = Release|Any CPU
		{0397C863-5686-4560-909E-864E58939E85}.Debug|Any CPU.ActiveCfg = Debug|Any CPU
		{0397C863-5686-4560-909E-864E58939E85}.Debug|Any CPU.Build.0 = Debug|Any CPU
		{0397C863-5686-4560-909E-864E58939E85}.Release|Any CPU.ActiveCfg = Release|Any CPU
		{0397C863-5686-4560-909E-864E58939E85}.Release|Any CPU.Build.0 = Release|Any CPU
		{7E627221-C47B-4E39-BC04-8329F39447CE}.Debug|Any CPU.ActiveCfg = Debug|Any CPU
		{7E627221-C47B-4E39-BC04-8329F39447CE}.Debug|Any CPU.Build.0 = Debug|Any CPU
		{7E627221-C47B-4E39-BC04-8329F39447CE}.Release|Any CPU.ActiveCfg = Release|Any CPU
		{7E627221-C47B-4E39-BC04-8329F39447CE}.Release|Any CPU.Build.0 = Release|Any CPU
		{D43AFF47-8549-4A89-AFDD-D3EC5A8C306C}.Debug|Any CPU.ActiveCfg = Debug|Any CPU
		{D43AFF47-8549-4A89-AFDD-D3EC5A8C306C}.Debug|Any CPU.Build.0 = Debug|Any CPU
		{D43AFF47-8549-4A89-AFDD-D3EC5A8C306C}.Release|Any CPU.ActiveCfg = Release|Any CPU
		{D43AFF47-8549-4A89-AFDD-D3EC5A8C306C}.Release|Any CPU.Build.0 = Release|Any CPU
		{E9CAA903-500F-4DD6-87A9-FA3EC3EFC591}.Debug|Any CPU.ActiveCfg = Debug|Any CPU
		{E9CAA903-500F-4DD6-87A9-FA3EC3EFC591}.Debug|Any CPU.Build.0 = Debug|Any CPU
		{E9CAA903-500F-4DD6-87A9-FA3EC3EFC591}.Release|Any CPU.ActiveCfg = Release|Any CPU
		{E9CAA903-500F-4DD6-87A9-FA3EC3EFC591}.Release|Any CPU.Build.0 = Release|Any CPU
	EndGlobalSection
	GlobalSection(SolutionProperties) = preSolution
		HideSolutionNode = FALSE
	EndGlobalSection
	GlobalSection(NestedProjects) = preSolution
		{95ECECE2-356A-4233-9B41-A7905379A697} = {47B3B1B7-3B6C-4A47-AEE4-6C0C3CBC5717}
		{23EB4F31-44AB-49FA-B586-61C24450EE43} = {47B3B1B7-3B6C-4A47-AEE4-6C0C3CBC5717}
		{EB4FF079-2139-4D38-B7B1-C070FE43A3C4} = {EFF22453-7049-4817-BDBF-A47278389549}
		{2EA23E76-FC6B-4679-8983-E4F1D1B882E6} = {EFF22453-7049-4817-BDBF-A47278389549}
		{0397C863-5686-4560-909E-864E58939E85} = {701B93E0-B578-4049-9B54-CFD70BDCE1A8}
		{7E627221-C47B-4E39-BC04-8329F39447CE} = {701B93E0-B578-4049-9B54-CFD70BDCE1A8}
		{D43AFF47-8549-4A89-AFDD-D3EC5A8C306C} = {701B93E0-B578-4049-9B54-CFD70BDCE1A8}
		{E9CAA903-500F-4DD6-87A9-FA3EC3EFC591} = {42B3BDCE-A0F0-4998-A46E-D73105C76903}
	EndGlobalSection
	GlobalSection(ExtensibilityGlobals) = postSolution
		SolutionGuid = {D6C5BDBE-13A9-463F-8339-4983560E7FDB}
	EndGlobalSection
EndGlobal
